
Microsoft Visual Studio Solution File, Format Version 12.00
# Visual Studio 15
VisualStudioVersion = 15.0.28307.329
MinimumVisualStudioVersion = 10.0.40219.1
Project("{FAE04EC0-301F-11D3-BF4B-00C04F79EFBC}") = "lift", "lift\lift.csproj", "{172F57A4-7C7E-44DA-88D8-2C999B15E711}"
EndProject
Global
	GlobalSection(SolutionConfigurationPlatforms) = preSolution
		Debug|Any CPU = Debug|Any CPU
		Release|Any CPU = Release|Any CPU
	EndGlobalSection
	GlobalSection(ProjectConfigurationPlatforms) = postSolution
		{172F57A4-7C7E-44DA-88D8-2C999B15E711}.Debug|Any CPU.ActiveCfg = Debug|Any CPU
		{172F57A4-7C7E-44DA-88D8-2C999B15E711}.Debug|Any CPU.Build.0 = Debug|Any CPU
		{172F57A4-7C7E-44DA-88D8-2C999B15E711}.Release|Any CPU.ActiveCfg = Release|Any CPU
		{172F57A4-7C7E-44DA-88D8-2C999B15E711}.Release|Any CPU.Build.0 = Release|Any CPU
	EndGlobalSection
	GlobalSection(SolutionProperties) = preSolution
		HideSolutionNode = FALSE
	EndGlobalSection
	GlobalSection(ExtensibilityGlobals) = postSolution
		SolutionGuid = {FE017898-6986-4FB6-8C78-4B0A87C9223E}
	EndGlobalSection
EndGlobal
